
Microsoft Visual Studio Solution File, Format Version 12.00
# Visual Studio Version 17
VisualStudioVersion = 17.3.32825.248
MinimumVisualStudioVersion = 10.0.40219.1
Project("{FAE04EC0-301F-11D3-BF4B-00C04F79EFBC}") = "PECD", "PECD.csproj", "{EC19A2D7-182B-4D40-A1E1-38D74B385257}"
EndProject
Global
	GlobalSection(SolutionConfigurationPlatforms) = preSolution
		Debug|Any CPU = Debug|Any CPU
		Release|Any CPU = Release|Any CPU
	EndGlobalSection
	GlobalSection(ProjectConfigurationPlatforms) = postSolution
		{EC19A2D7-182B-4D40-A1E1-38D74B385257}.Debug|Any CPU.ActiveCfg = Debug|Any CPU
		{EC19A2D7-182B-4D40-A1E1-38D74B385257}.Debug|Any CPU.Build.0 = Debug|Any CPU
		{EC19A2D7-182B-4D40-A1E1-38D74B385257}.Release|Any CPU.ActiveCfg = Release|Any CPU
		{EC19A2D7-182B-4D40-A1E1-38D74B385257}.Release|Any CPU.Build.0 = Release|Any CPU
	EndGlobalSection
	GlobalSection(SolutionProperties) = preSolution
		HideSolutionNode = FALSE
	EndGlobalSection
	GlobalSection(ExtensibilityGlobals) = postSolution
		SolutionGuid = {754B894C-3412-4B8B-97F1-4E62A4659447}
	EndGlobalSection
EndGlobal
